Microsoft Visual Studio Solution File, Format Version 11.00
# Visual Studio 2008

Project("{B254CAA3-7840-D3A6-3499-5EA10F8BDC77}") = "projectBrotherhood", "Assembly-CSharp.csproj", "{6EB18F2F-9A0E-4973-5FBF-861E493076A4}"
EndProject
Project("{B254CAA3-7840-D3A6-3499-5EA10F8BDC77}") = "projectBrotherhood", "Assembly-CSharp-Editor.csproj", "{0696ED2A-F3E3-178D-09D7-474AAD98F233}"
EndProject
Global
	GlobalSection(SolutionConfigurationPlatforms) = preSolution
		Debug|Any CPU = Debug|Any CPU
		Release|Any CPU = Release|Any CPU
	EndGlobalSection
	GlobalSection(ProjectConfigurationPlatforms) = postSolution
		{6EB18F2F-9A0E-4973-5FBF-861E493076A4}.Debug|Any CPU.ActiveCfg = Debug|Any CPU
		{6EB18F2F-9A0E-4973-5FBF-861E493076A4}.Debug|Any CPU.Build.0 = Debug|Any CPU
		{6EB18F2F-9A0E-4973-5FBF-861E493076A4}.Release|Any CPU.ActiveCfg = Release|Any CPU
		{6EB18F2F-9A0E-4973-5FBF-861E493076A4}.Release|Any CPU.Build.0 = Release|Any CPU
		{0696ED2A-F3E3-178D-09D7-474AAD98F233}.Debug|Any CPU.ActiveCfg = Debug|Any CPU
		{0696ED2A-F3E3-178D-09D7-474AAD98F233}.Debug|Any CPU.Build.0 = Debug|Any CPU
		{0696ED2A-F3E3-178D-09D7-474AAD98F233}.Release|Any CPU.ActiveCfg = Release|Any CPU
		{0696ED2A-F3E3-178D-09D7-474AAD98F233}.Release|Any CPU.Build.0 = Release|Any CPU
	EndGlobalSection
	GlobalSection(SolutionProperties) = preSolution
		HideSolutionNode = FALSE
	EndGlobalSection
																																																																																														GlobalSection(MonoDevelopProperties) = preSolution
		StartupItem = Assembly-CSharp.csproj
		Policies = $0
		$0.TextStylePolicy = $1
		$1.inheritsSet = null
		$1.scope = text/x-csharp
		$0.CSharpFormattingPolicy = $2
		$2.inheritsSet = Mono
		$2.inheritsScope = text/x-csharp
		$2.scope = text/x-csharp
		$0.TextStylePolicy = $3
		$3.FileWidth = 120
		$3.TabWidth = 4
		$3.EolMarker = Unix
		$3.inheritsSet = Mono
		$3.inheritsScope = text/plain
		$3.scope = text/plain
	EndGlobalSection

EndGlobal
